
Microsoft Visual Studio Solution File, Format Version 12.00
# Visual Studio Version 17
VisualStudioVersion = 17.3.32804.467
MinimumVisualStudioVersion = 10.0.40219.1
Project("{888888A0-9F3D-457C-B088-3A5042F75D52}") = "oDjango20", "oDjango20.pyproj", "{2B35E86D-FB7B-4AE6-B03E-2FF04D5F73A7}"
EndProject
Global
	GlobalSection(SolutionConfigurationPlatforms) = preSolution
		Debug|Any CPU = Debug|Any CPU
		Release|Any CPU = Release|Any CPU
	EndGlobalSection
	GlobalSection(ProjectConfigurationPlatforms) = postSolution
		{2B35E86D-FB7B-4AE6-B03E-2FF04D5F73A7}.Debug|Any CPU.ActiveCfg = Debug|Any CPU
		{2B35E86D-FB7B-4AE6-B03E-2FF04D5F73A7}.Debug|Any CPU.Build.0 = Debug|Any CPU
		{2B35E86D-FB7B-4AE6-B03E-2FF04D5F73A7}.Release|Any CPU.ActiveCfg = Release|Any CPU
		{2B35E86D-FB7B-4AE6-B03E-2FF04D5F73A7}.Release|Any CPU.Build.0 = Release|Any CPU
	EndGlobalSection
	GlobalSection(SolutionProperties) = preSolution
		HideSolutionNode = FALSE
	EndGlobalSection
	GlobalSection(ExtensibilityGlobals) = postSolution
		SolutionGuid = {822756B1-B452-4419-AA8A-78E258D938C6}
	EndGlobalSection
EndGlobal
